{
  "name": "mangaspider",
  "version": "1.0.0",
  "lockfileVersion": 2,
  "requires": true,
  "packages": {
    "": {
      "name": "mangaspider",
      "version": "1.0.0",
      "license": "ISC",
      "dependencies": {
        "nodemailer": "^6.6.3",
        "papaparse": "^5.3.1",
        "playwright": "^1.23.4"
      }
    },
    "node_modules/nodemailer": {
      "version": "6.7.7",
      "resolved": "https://registry.npmjs.org/nodemailer/-/nodemailer-6.7.7.tgz",
      "integrity": "sha512-pOLC/s+2I1EXuSqO5Wa34i3kXZG3gugDssH+ZNCevHad65tc8vQlCQpOLaUjopvkRQKm2Cki2aME7fEOPRy3bA==",
      "engines": {
        "node": ">=6.0.0"
      }
    },
    "node_modules/papaparse": {
      "version": "5.3.2",
      "resolved": "https://registry.npmjs.org/papaparse/-/papaparse-5.3.2.tgz",
      "integrity": "sha512-6dNZu0Ki+gyV0eBsFKJhYr+MdQYAzFUGlBMNj3GNrmHxmz1lfRa24CjFObPXtjcetlOv5Ad299MhIK0znp3afw=="
    },
    "node_modules/playwright": {
      "version": "1.23.4",
      "resolved": "https://registry.npmjs.org/playwright/-/playwright-1.23.4.tgz",
      "integrity": "sha512-NUPOLMpd8WydmwZFllST/YZ7cImgDDDrvcaq7Gj2vAjNg0jYCndFJt6HHtbkOPSIlRo4BaQYlbFx6meq1r1FXQ==",
      "hasInstallScript": true,
      "dependencies": {
        "playwright-core": "1.23.4"
      },
      "bin": {
        "playwright": "cli.js"
      },
      "engines": {
        "node": ">=14"
      }
    },
    "node_modules/playwright-core": {
      "version": "1.23.4",
      "resolved": "https://registry.npmjs.org/playwright-core/-/playwright-core-1.23.4.tgz",
      "integrity": "sha512-h5V2yw7d8xIwotjyNrkLF13nV9RiiZLHdXeHo+nVJIYGVlZ8U2qV0pMxNJKNTvfQVT0N8/A4CW6/4EW2cOcTiA==",
      "bin": {
        "playwright": "cli.js"
      },
      "engines": {
        "node": ">=14"
      }
    }
  },
  "dependencies": {
    "nodemailer": {
      "version": "6.7.7",
      "resolved": "https://registry.npmjs.org/nodemailer/-/nodemailer-6.7.7.tgz",
      "integrity": "sha512-pOLC/s+2I1EXuSqO5Wa34i3kXZG3gugDssH+ZNCevHad65tc8vQlCQpOLaUjopvkRQKm2Cki2aME7fEOPRy3bA=="
    },
    "papaparse": {
      "version": "5.3.2",
      "resolved": "https://registry.npmjs.org/papaparse/-/papaparse-5.3.2.tgz",
      "integrity": "sha512-6dNZu0Ki+gyV0eBsFKJhYr+MdQYAzFUGlBMNj3GNrmHxmz1lfRa24CjFObPXtjcetlOv5Ad299MhIK0znp3afw=="
    },
    "playwright": {
      "version": "1.23.4",
      "resolved": "https://registry.npmjs.org/playwright/-/playwright-1.23.4.tgz",
      "integrity": "sha512-NUPOLMpd8WydmwZFllST/YZ7cImgDDDrvcaq7Gj2vAjNg0jYCndFJt6HHtbkOPSIlRo4BaQYlbFx6meq1r1FXQ==",
      "requires": {
        "playwright-core": "1.23.4"
      }
    },
    "playwright-core": {
      "version": "1.23.4",
      "resolved": "https://registry.npmjs.org/playwright-core/-/playwright-core-1.23.4.tgz",
      "integrity": "sha512-h5V2yw7d8xIwotjyNrkLF13nV9RiiZLHdXeHo+nVJIYGVlZ8U2qV0pMxNJKNTvfQVT0N8/A4CW6/4EW2cOcTiA=="
    }
  }
}
